// !$*UTF8*$!
{
	archiveVersion = 1;
	classes = {
	};
	objectVersion = 46;
	objects = {

/* Begin PBXBuildFile section */
		0B08E3311E5E140C003ABF3F /* AppDelegate.swift in Sources */ = {isa = PBXBuildFile; fileRef = 0B08E3301E5E140C003ABF3F /* AppDelegate.swift */; };
		0B08E3331E5E140C003ABF3F /* ViewController.swift in Sources */ = {isa = PBXBuildFile; fileRef = 0B08E3321E5E140C003ABF3F /* ViewController.swift */; };
		0B08E3361E5E140C003ABF3F /* Main.storyboard in Resources */ = {isa = PBXBuildFile; fileRef = 0B08E3341E5E140C003ABF3F /* Main.storyboard */; };
		0B08E3381E5E140C003ABF3F /* Assets.xcassets in Resources */ = {isa = PBXBuildFile; fileRef = 0B08E3371E5E140C003ABF3F /* Assets.xcassets */; };
		0B08E33B1E5E140C003ABF3F /* LaunchScreen.storyboard in Resources */ = {isa = PBXBuildFile; fileRef = 0B08E3391E5E140C003ABF3F /* LaunchScreen.storyboard */; };
		0B08E3431E5E15A0003ABF3F /* HttpContentController.swift in Sources */ = {isa = PBXBuildFile; fileRef = 0B08E3421E5E15A0003ABF3F /* HttpContentController.swift */; };
		0B08E3451E5E193E003ABF3F /* Product.swift in Sources */ = {isa = PBXBuildFile; fileRef = 0B08E3441E5E193E003ABF3F /* Product.swift */; };
		0B08E3471E5E19CA003ABF3F /* Currency.swift in Sources */ = {isa = PBXBuildFile; fileRef = 0B08E3461E5E19CA003ABF3F /* Currency.swift */; };
		0B08E3491E5E1DBA003ABF3F /* DispatchQueueUtility.swift in Sources */ = {isa = PBXBuildFile; fileRef = 0B08E3481E5E1DBA003ABF3F /* DispatchQueueUtility.swift */; };
		0B08E3B11E5E47C2003ABF3F /* CustomCollectionViewCell.swift in Sources */ = {isa = PBXBuildFile; fileRef = 0B08E3B01E5E47C2003ABF3F /* CustomCollectionViewCell.swift */; };
		0BF875491E5E57B5004F7273 /* Brand.swift in Sources */ = {isa = PBXBuildFile; fileRef = 0BF875481E5E57B5004F7273 /* Brand.swift */; };
		0BF8754B1E5E696F004F7273 /* Image.swift in Sources */ = {isa = PBXBuildFile; fileRef = 0BF8754A1E5E696F004F7273 /* Image.swift */; };
/* End PBXBuildFile section */

/* Begin PBXFileReference section */
		0B08E32D1E5E140C003ABF3F /* StylightCodingTask.app */ = {isa = PBXFileReference; explicitFileType = wrapper.application; includeInIndex = 0; path = StylightCodingTask.app; sourceTree = BUILT_PRODUCTS_DIR; };
		0B08E3301E5E140C003ABF3F /* AppDelegate.swift */ = {isa = PBXFileReference; lastKnownFileType = sourcecode.swift; path = AppDelegate.swift; sourceTree = "<group>"; };
		0B08E3321E5E140C003ABF3F /* ViewController.swift */ = {isa = PBXFileReference; lastKnownFileType = sourcecode.swift; path = ViewController.swift; sourceTree = "<group>"; };
		0B08E3351E5E140C003ABF3F /* Base */ = {isa = PBXFileReference; lastKnownFileType = file.storyboard; name = Base; path = Base.lproj/Main.storyboard; sourceTree = "<group>"; };
		0B08E3371E5E140C003ABF3F /* Assets.xcassets */ = {isa = PBXFileReference; lastKnownFileType = folder.assetcatalog; path = Assets.xcassets; sourceTree = "<group>"; };
		0B08E33A1E5E140C003ABF3F /* Base */ = {isa = PBXFileReference; lastKnownFileType = file.storyboard; name = Base; path = Base.lproj/LaunchScreen.storyboard; sourceTree = "<group>"; };
		0B08E33C1E5E140C003ABF3F /* Info.plist */ = {isa = PBXFileReference; lastKnownFileType = text.plist.xml; path = Info.plist; sourceTree = "<group>"; };
		0B08E3421E5E15A0003ABF3F /* HttpContentController.swift */ = {isa = PBXFileReference; fileEncoding = 4; lastKnownFileType = sourcecode.swift; path = HttpContentController.swift; sourceTree = "<group>"; };
		0B08E3441E5E193E003ABF3F /* Product.swift */ = {isa = PBXFileReference; fileEncoding = 4; lastKnownFileType = sourcecode.swift; path = Product.swift; sourceTree = "<group>"; };
		0B08E3461E5E19CA003ABF3F /* Currency.swift */ = {isa = PBXFileReference; fileEncoding = 4; lastKnownFileType = sourcecode.swift; path = Currency.swift; sourceTree = "<group>"; };
		0B08E3481E5E1DBA003ABF3F /* DispatchQueueUtility.swift */ = {isa = PBXFileReference; fileEncoding = 4; lastKnownFileType = sourcecode.swift; path = DispatchQueueUtility.swift; sourceTree = "<group>"; };
		0B08E3B01E5E47C2003ABF3F /* CustomCollectionViewCell.swift */ = {isa = PBXFileReference; fileEncoding = 4; lastKnownFileType = sourcecode.swift; path = CustomCollectionViewCell.swift; sourceTree = "<group>"; };
		0BF875481E5E57B5004F7273 /* Brand.swift */ = {isa = PBXFileReference; fileEncoding = 4; lastKnownFileType = sourcecode.swift; path = Brand.swift; sourceTree = "<group>"; };
		0BF8754A1E5E696F004F7273 /* Image.swift */ = {isa = PBXFileReference; fileEncoding = 4; lastKnownFileType = sourcecode.swift; path = Image.swift; sourceTree = "<group>"; };
/* End PBXFileReference section */

/* Begin PBXFrameworksBuildPhase section */
		0B08E32A1E5E140C003ABF3F /* Frameworks */ = {
			isa = PBXFrameworksBuildPhase;
			buildActionMask = 2147483647;
			files = (
			);
			runOnlyForDeploymentPostprocessing = 0;
		};
/* End PBXFrameworksBuildPhase section */

/* Begin PBXGroup section */
		0B08E3241E5E140C003ABF3F = {
			isa = PBXGroup;
			children = (
				0B08E32F1E5E140C003ABF3F /* StylightCodingTask */,
				0B08E32E1E5E140C003ABF3F /* Products */,
			);
			sourceTree = "<group>";
		};
		0B08E32E1E5E140C003ABF3F /* Products */ = {
			isa = PBXGroup;
			children = (
				0B08E32D1E5E140C003ABF3F /* StylightCodingTask.app */,
			);
			name = Products;
			sourceTree = "<group>";
		};
		0B08E32F1E5E140C003ABF3F /* StylightCodingTask */ = {
			isa = PBXGroup;
			children = (
				0B08E3301E5E140C003ABF3F /* AppDelegate.swift */,
				0B41DACF1E5F201C00DF00BC /* Model */,
				0B08E3321E5E140C003ABF3F /* ViewController.swift */,
				0B08E3341E5E140C003ABF3F /* Main.storyboard */,
				0B08E3371E5E140C003ABF3F /* Assets.xcassets */,
				0B08E3391E5E140C003ABF3F /* LaunchScreen.storyboard */,
				0B08E33C1E5E140C003ABF3F /* Info.plist */,
				0B08E3B01E5E47C2003ABF3F /* CustomCollectionViewCell.swift */,
				0B08E3421E5E15A0003ABF3F /* HttpContentController.swift */,
				0B08E3481E5E1DBA003ABF3F /* DispatchQueueUtility.swift */,
			);
			path = StylightCodingTask;
			sourceTree = "<group>";
		};
		0B41DACF1E5F201C00DF00BC /* Model */ = {
			isa = PBXGroup;
			children = (
				0B08E3441E5E193E003ABF3F /* Product.swift */,
				0BF8754A1E5E696F004F7273 /* Image.swift */,
				0B08E3461E5E19CA003ABF3F /* Currency.swift */,
				0BF875481E5E57B5004F7273 /* Brand.swift */,
			);
			name = Model;
			sourceTree = "<group>";
		};
/* End PBXGroup section */

/* Begin PBXNativeTarget section */
		0B08E32C1E5E140C003ABF3F /* StylightCodingTask */ = {
			isa = PBXNativeTarget;
			buildConfigurationList = 0B08E33F1E5E140C003ABF3F /* Build configuration list for PBXNativeTarget "StylightCodingTask" */;
			buildPhases = (
				0B08E3291E5E140C003ABF3F /* Sources */,
				0B08E32A1E5E140C003ABF3F /* Frameworks */,
				0B08E32B1E5E140C003ABF3F /* Resources */,
			);
			buildRules = (
			);
			dependencies = (
			);
			name = StylightCodingTask;
			productName = StylightCodingTask;
			productReference = 0B08E32D1E5E140C003ABF3F /* StylightCodingTask.app */;
			productType = "com.apple.product-type.application";
		};
/* End PBXNativeTarget section */

/* Begin PBXProject section */
		0B08E3251E5E140C003ABF3F /* Project object */ = {
			isa = PBXProject;
			attributes = {
				LastSwiftUpdateCheck = 0820;
				LastUpgradeCheck = 0820;
				ORGANIZATIONNAME = "Christiane Göhring";
				TargetAttributes = {
					0B08E32C1E5E140C003ABF3F = {
						CreatedOnToolsVersion = 8.2.1;
						DevelopmentTeam = H55BPQLPTC;
						ProvisioningStyle = Automatic;
					};
				};
			};
			buildConfigurationList = 0B08E3281E5E140C003ABF3F /* Build configuration list for PBXProject "StylightCodingTask" */;
			compatibilityVersion = "Xcode 3.2";
			developmentRegion = English;
			hasScannedForEncodings = 0;
			knownRegions = (
				en,
				Base,
			);
			mainGroup = 0B08E3241E5E140C003ABF3F;
			productRefGroup = 0B08E32E1E5E140C003ABF3F /* Products */;
			projectDirPath = "";
			projectRoot = "";
			targets = (
				0B08E32C1E5E140C003ABF3F /* StylightCodingTask */,
			);
		};
/* End PBXProject section */

/* Begin PBXResourcesBuildPhase section */
		0B08E32B1E5E140C003ABF3F /* Resources */ = {
			isa = PBXResourcesBuildPhase;
			buildActionMask = 2147483647;
			files = (
				0B08E33B1E5E140C003ABF3F /* LaunchScreen.storyboard in Resources */,
				0B08E3381E5E140C003ABF3F /* Assets.xcassets in Resources */,
				0B08E3361E5E140C003ABF3F /* Main.storyboard in Resources */,
			);
			runOnlyForDeploymentPostprocessing = 0;
		};
/* End PBXResourcesBuildPhase section */

/* Begin PBXSourcesBuildPhase section */
		0B08E3291E5E140C003ABF3F /* Sources */ = {
			isa = PBXSourcesBuildPhase;
			buildActionMask = 2147483647;
			files = (
				0B08E3491E5E1DBA003ABF3F /* DispatchQueueUtility.swift in Sources */,
				0B08E3431E5E15A0003ABF3F /* HttpContentController.swift in Sources */,
				0B08E3B11E5E47C2003ABF3F /* CustomCollectionViewCell.swift in Sources */,
				0BF875491E5E57B5004F7273 /* Brand.swift in Sources */,
				0B08E3471E5E19CA003ABF3F /* Currency.swift in Sources */,
				0B08E3451E5E193E003ABF3F /* Product.swift in Sources */,
				0B08E3331E5E140C003ABF3F /* ViewController.swift in Sources */,
				0BF8754B1E5E696F004F7273 /* Image.swift in Sources */,
				0B08E3311E5E140C003ABF3F /* AppDelegate.swift in Sources */,
			);
			runOnlyForDeploymentPostprocessing = 0;
		};
/* End PBXSourcesBuildPhase section */

/* Begin PBXVariantGroup section */
		0B08E3341E5E140C003ABF3F /* Main.storyboard */ = {
			isa = PBXVariantGroup;
			children = (
				0B08E3351E5E140C003ABF3F /* Base */,
			);
			name = Main.storyboard;
			sourceTree = "<group>";
		};
		0B08E3391E5E140C003ABF3F /* LaunchScreen.storyboard */ = {
			isa = PBXVariantGroup;
			children = (
				0B08E33A1E5E140C003ABF3F /* Base */,
			);
			name = LaunchScreen.storyboard;
			sourceTree = "<group>";
		};
/* End PBXVariantGroup section */

/* Begin XCBuildConfiguration section */
		0B08E33D1E5E140C003ABF3F /* Debug */ = {
			isa = XCBuildConfiguration;
			buildSettings = {
				ALWAYS_SEARCH_USER_PATHS = NO;
				CLANG_ANALYZER_NONNULL = YES;
				CLANG_CXX_LANGUAGE_STANDARD = "gnu++0x";
				CLANG_CXX_LIBRARY = "libc++";
				CLANG_ENABLE_MODULES = YES;
				CLANG_ENABLE_OBJC_ARC = YES;
				CLANG_WARN_BOOL_CONVERSION = YES;
				CLANG_WARN_CONSTANT_CONVERSION = YES;
				CLANG_WARN_DIRECT_OBJC_ISA_USAGE = YES_ERROR;
				CLANG_WARN_DOCUMENTATION_COMMENTS = YES;
				CLANG_WARN_EMPTY_BODY = YES;
				CLANG_WARN_ENUM_CONVERSION = YES;
				CLANG_WARN_INFINITE_RECURSION = YES;
				CLANG_WARN_INT_CONVERSION = YES;
				CLANG_WARN_OBJC_ROOT_CLASS = YES_ERROR;
				CLANG_WARN_SUSPICIOUS_MOVE = YES;
				CLANG_WARN_UNREACHABLE_CODE = YES;
				CLANG_WARN__DUPLICATE_METHOD_MATCH = YES;
				"CODE_SIGN_IDENTITY[sdk=iphoneos*]" = "iPhone Developer";
				COPY_PHASE_STRIP = NO;
				DEBUG_INFORMATION_FORMAT = dwarf;
				ENABLE_STRICT_OBJC_MSGSEND = YES;
				ENABLE_TESTABILITY = YES;
				GCC_C_LANGUAGE_STANDARD = gnu99;
				GCC_DYNAMIC_NO_PIC = NO;
				GCC_NO_COMMON_BLOCKS = YES;
				GCC_OPTIMIZATION_LEVEL = 0;
				GCC_PREPROCESSOR_DEFINITIONS = (
					"DEBUG=1",
					"$(inherited)",
				);
				GCC_WARN_64_TO_32_BIT_CONVERSION = YES;
				GCC_WARN_ABOUT_RETURN_TYPE = YES_ERROR;
				GCC_WARN_UNDECLARED_SELECTOR = YES;
				GCC_WARN_UNINITIALIZED_AUTOS = YES_AGGRESSIVE;
				GCC_WARN_UNUSED_FUNCTION = YES;
				GCC_WARN_UNUSED_VARIABLE = YES;
				IPHONEOS_DEPLOYMENT_TARGET = 10.2;
				MTL_ENABLE_DEBUG_INFO = YES;
				ONLY_ACTIVE_ARCH = YES;
				SDKROOT = iphoneos;
				SWIFT_ACTIVE_COMPILATION_CONDITIONS = DEBUG;
				SWIFT_OPTIMIZATION_LEVEL = "-Onone";
			};
			name = Debug;
		};
		0B08E33E1E5E140C003ABF3F /* Release */ = {
			isa = XCBuildConfiguration;
			buildSettings = {
				ALWAYS_SEARCH_USER_PATHS = NO;
				CLANG_ANALYZER_NONNULL = YES;
				CLANG_CXX_LANGUAGE_STANDARD = "gnu++0x";
				CLANG_CXX_LIBRARY = "libc++";
				CLANG_ENABLE_MODULES = YES;
				CLANG_ENABLE_OBJC_ARC = YES;
				CLANG_WARN_BOOL_CONVERSION = YES;
				CLANG_WARN_CONSTANT_CONVERSION = YES;
				CLANG_WARN_DIRECT_OBJC_ISA_USAGE = YES_ERROR;
				CLANG_WARN_DOCUMENTATION_COMMENTS = YES;
				CLANG_WARN_EMPTY_BODY = YES;
				CLANG_WARN_ENUM_CONVERSION = YES;
				CLANG_WARN_INFINITE_RECURSION = YES;
				CLANG_WARN_INT_CONVERSION = YES;
				CLANG_WARN_OBJC_ROOT_CLASS = YES_ERROR;
				CLANG_WARN_SUSPICIOUS_MOVE = YES;
				CLANG_WARN_UNREACHABLE_CODE = YES;
				CLANG_WARN__DUPLICATE_METHOD_MATCH = YES;
				"CODE_SIGN_IDENTITY[sdk=iphoneos*]" = "iPhone Developer";
				COPY_PHASE_STRIP = NO;
				DEBUG_INFORMATION_FORMAT = "dwarf-with-dsym";
				ENABLE_NS_ASSERTIONS = NO;
				ENABLE_STRICT_OBJC_MSGSEND = YES;
				GCC_C_LANGUAGE_STANDARD = gnu99;
				GCC_NO_COMMON_BLOCKS = YES;
				GCC_WARN_64_TO_32_BIT_CONVERSION = YES;
				GCC_WARN_ABOUT_RETURN_TYPE = YES_ERROR;
				GCC_WARN_UNDECLARED_SELECTOR = YES;
				GCC_WARN_UNINITIALIZED_AUTOS = YES_AGGRESSIVE;
				GCC_WARN_UNUSED_FUNCTION = YES;
				GCC_WARN_UNUSED_VARIABLE = YES;
				IPHONEOS_DEPLOYMENT_TARGET = 10.2;
				MTL_ENABLE_DEBUG_INFO = NO;
				SDKROOT = iphoneos;
				SWIFT_OPTIMIZATION_LEVEL = "-Owholemodule";
				VALIDATE_PRODUCT = YES;
			};
			name = Release;
		};
		0B08E3401E5E140C003ABF3F /* Debug */ = {
			isa = XCBuildConfiguration;
			buildSettings = {
				ASSETCATALOG_COMPILER_APPICON_NAME = AppIcon;
				DEVELOPMENT_TEAM = H55BPQLPTC;
				INFOPLIST_FILE = StylightCodingTask/Info.plist;
				LD_RUNPATH_SEARCH_PATHS = "$(inherited) @executable_path/Frameworks";
				PRODUCT_BUNDLE_IDENTIFIER = de.christianegoehring.StylightCodingTask;
				PRODUCT_NAME = "$(TARGET_NAME)";
				SWIFT_VERSION = 3.0;
			};
			name = Debug;
		};
		0B08E3411E5E140C003ABF3F /* Release */ = {
			isa = XCBuildConfiguration;
			buildSettings = {
				ASSETCATALOG_COMPILER_APPICON_NAME = AppIcon;
				DEVELOPMENT_TEAM = H55BPQLPTC;
				INFOPLIST_FILE = StylightCodingTask/Info.plist;
				LD_RUNPATH_SEARCH_PATHS = "$(inherited) @executable_path/Frameworks";
				PRODUCT_BUNDLE_IDENTIFIER = de.christianegoehring.StylightCodingTask;
				PRODUCT_NAME = "$(TARGET_NAME)";
				SWIFT_VERSION = 3.0;
			};
			name = Release;
		};
/* End XCBuildConfiguration section */

/* Begin XCConfigurationList section */
		0B08E3281E5E140C003ABF3F /* Build configuration list for PBXProject "StylightCodingTask" */ = {
			isa = XCConfigurationList;
			buildConfigurations = (
				0B08E33D1E5E140C003ABF3F /* Debug */,
				0B08E33E1E5E140C003ABF3F /* Release */,
			);
			defaultConfigurationIsVisible = 0;
			defaultConfigurationName = Release;
		};
		0B08E33F1E5E140C003ABF3F /* Build configuration list for PBXNativeTarget "StylightCodingTask" */ = {
			isa = XCConfigurationList;
			buildConfigurations = (
				0B08E3401E5E140C003ABF3F /* Debug */,
				0B08E3411E5E140C003ABF3F /* Release */,
			);
			defaultConfigurationIsVisible = 0;
			defaultConfigurationName = Release;
		};
/* End XCConfigurationList section */
	};
	rootObject = 0B08E3251E5E140C003ABF3F /* Project object */;
}
